# THIS IS AN AUTOGENERATED FILE. DO NOT EDIT THIS FILE DIRECTLY.
# yarn lockfile v1


boolbase@~1.0.0:
  version "1.0.0"
  resolved "https://registry.npmjs.org/boolbase/-/boolbase-1.0.0.tgz#68dff5fbe60c51eb37725ea9e3ed310dcc1e776e"
  integrity sha1-aN/1++YMUes3cl6p4+0xDcwed24=

css-selector-parser@^1.1.0:
  version "1.3.0"
  resolved "https://registry.npmjs.org/css-selector-parser/-/css-selector-parser-1.3.0.tgz#5f1ad43e2d8eefbfdc304fcd39a521664943e3eb"
  integrity sha1-XxrUPi2O77/cME/NOaUhZklD4+s=

not@^0.1.0:
  version "0.1.0"
  resolved "https://registry.npmjs.org/not/-/not-0.1.0.tgz#c9691c1746c55dcfbe54cbd8bd4ff041bc2b519d"
  integrity sha1-yWkcF0bFXc++VMvYvU/wQbwrUZ0=

nth-check@^1.0.1:
  version "1.0.2"
  resolved "https://registry.npmjs.org/nth-check/-/nth-check-1.0.2.tgz#b2bd295c37e3dd58a3bf0700376663ba4d9cf05c"
  integrity sha512-WeBOdju8SnzPN5vTUJYxYUxLeXpCaVP5i5e0LF8fg7WORF2Wd7wFX/pk0tYZk7s8T+J7VLy0Da6J1+wCT0AtHg==
  dependencies:
    boolbase "~1.0.0"

unist-util-is@^3.0.0:
  version "3.0.0"
  resolved "https://registry.npmjs.org/unist-util-is/-/unist-util-is-3.0.0.tgz#d9e84381c2468e82629e4a5be9d7d05a2dd324cd"
  integrity sha512-sVZZX3+kspVNmLWBPAB6r+7D9ZgAFPNWm66f7YNb420RlQSbn+n8rG8dGZSkrER7ZIXGQYNm5pqC3v3HopH24A==

unist-util-select@^2.0.2:
  version "2.0.2"
  resolved "https://registry.npmjs.org/unist-util-select/-/unist-util-select-2.0.2.tgz#cb2774b599695172e7b60a8b5f50793e418f7ea6"
  integrity sha512-Yv5Z5ShMxv7Z9Dw175tKvOiRVXV4FrMHG778DSD9Z0jALgb3wAx9DoeInr3200QlYp71rYUXzzJdCb76xKdrCw==
  dependencies:
    css-selector-parser "^1.1.0"
    not "^0.1.0"
    nth-check "^1.0.1"
    unist-util-is "^3.0.0"
    zwitch "^1.0.3"

zwitch@^1.0.3:
  version "1.0.4"
  resolved "https://registry.npmjs.org/zwitch/-/zwitch-1.0.4.tgz#93b1b993b13c8926753a41afaf8f27bbfac6be8b"
  integrity sha512-YO803/X+13GNaZB7fVopjvHH0uWQKgJkgKnU1YCjxShjKGVuN9PPHHW8g+uFDpkHpSTNi3rCMKMewIcbC1BAYg==
